// !$*UTF8*$!
{
	archiveVersion = 1;
	classes = {
	};
	objectVersion = 46;
	objects = {

/* Begin PBXBuildFile section */
		253A3DD16E453A8B092D49E5 /* libPods-ApplePai.a in Frameworks */ = {isa = PBXBuildFile; fileRef = 8707E695785D9D9366E208E8 /* libPods-ApplePai.a */; };
		C7395A021D06B0E3008C00CC /* LSecondGroupMOdel.m in Sources */ = {isa = PBXBuildFile; fileRef = C7395A011D06B0E3008C00CC /* LSecondGroupMOdel.m */; settings = {ASSET_TAGS = (); }; };
		C7395A0D1D06B4D4008C00CC /* LSecondCollectionViewCell.m in Sources */ = {isa = PBXBuildFile; fileRef = C7395A0B1D06B4D4008C00CC /* LSecondCollectionViewCell.m */; settings = {ASSET_TAGS = (); }; };
		C7395A0E1D06B4D4008C00CC /* LSecondCollectionViewCell.xib in Resources */ = {isa = PBXBuildFile; fileRef = C7395A0C1D06B4D4008C00CC /* LSecondCollectionViewCell.xib */; settings = {ASSET_TAGS = (); }; };
		C75C258C1D01833B00EE422E /* LTabBarViewController.m in Sources */ = {isa = PBXBuildFile; fileRef = C75C258B1D01833B00EE422E /* LTabBarViewController.m */; settings = {ASSET_TAGS = (); }; };
		C75C258F1D0198F500EE422E /* LFirstTableViewCell.m in Sources */ = {isa = PBXBuildFile; fileRef = C75C258E1D0198F500EE422E /* LFirstTableViewCell.m */; settings = {ASSET_TAGS = (); }; };
		C75C25981D043DB000EE422E /* Foundation+Log 2.m in Sources */ = {isa = PBXBuildFile; fileRef = C75C25971D043DB000EE422E /* Foundation+Log 2.m */; settings = {ASSET_TAGS = (); }; };
		C75C259B1D044DF500EE422E /* LFirst2ViewController.m in Sources */ = {isa = PBXBuildFile; fileRef = C75C259A1D044DF500EE422E /* LFirst2ViewController.m */; settings = {ASSET_TAGS = (); }; };
		C7B8AA811D002E94003B3EAF /* CCXMethods.m in Sources */ = {isa = PBXBuildFile; fileRef = C7B8AA7C1D002E94003B3EAF /* CCXMethods.m */; settings = {ASSET_TAGS = (); }; };
		C7B8AA821D002E94003B3EAF /* LRootViewController.m in Sources */ = {isa = PBXBuildFile; fileRef = C7B8AA7E1D002E94003B3EAF /* LRootViewController.m */; settings = {ASSET_TAGS = (); }; };
		C7B8AA831D002E94003B3EAF /* LSuperViewController.m in Sources */ = {isa = PBXBuildFile; fileRef = C7B8AA801D002E94003B3EAF /* LSuperViewController.m */; settings = {ASSET_TAGS = (); }; };
		C7B8AA891D004A6A003B3EAF /* LFirstViewController.m in Sources */ = {isa = PBXBuildFile; fileRef = C7B8AA881D004A6A003B3EAF /* LFirstViewController.m */; settings = {ASSET_TAGS = (); }; };
		C7B8AA8C1D004A7B003B3EAF /* LSecondViewController.m in Sources */ = {isa = PBXBuildFile; fileRef = C7B8AA8B1D004A7B003B3EAF /* LSecondViewController.m */; settings = {ASSET_TAGS = (); }; };
		C7B8AA8F1D005273003B3EAF /* LThirdViewController.m in Sources */ = {isa = PBXBuildFile; fileRef = C7B8AA8E1D005273003B3EAF /* LThirdViewController.m */; settings = {ASSET_TAGS = (); }; };
		C7C5919C1D01716D001EEF31 /* FeedModel.m in Sources */ = {isa = PBXBuildFile; fileRef = C7C5919B1D01716D001EEF31 /* FeedModel.m */; settings = {ASSET_TAGS = (); }; };
		C7CB25591D001405004FECA8 /* main.m in Sources */ = {isa = PBXBuildFile; fileRef = C7CB25581D001405004FECA8 /* main.m */; };
		C7CB255C1D001405004FECA8 /* AppDelegate.m in Sources */ = {isa = PBXBuildFile; fileRef = C7CB255B1D001405004FECA8 /* AppDelegate.m */; };
		C7CB255F1D001405004FECA8 /* ViewController.m in Sources */ = {isa = PBXBuildFile; fileRef = C7CB255E1D001405004FECA8 /* ViewController.m */; };
		C7CB25621D001405004FECA8 /* Main.storyboard in Resources */ = {isa = PBXBuildFile; fileRef = C7CB25601D001405004FECA8 /* Main.storyboard */; };
		C7CB25641D001405004FECA8 /* Assets.xcassets in Resources */ = {isa = PBXBuildFile; fileRef = C7CB25631D001405004FECA8 /* Assets.xcassets */; };
		C7CB25671D001405004FECA8 /* LaunchScreen.storyboard in Resources */ = {isa = PBXBuildFile; fileRef = C7CB25651D001405004FECA8 /* LaunchScreen.storyboard */; };
		C7CB25721D001406004FECA8 /* ApplePaiTests.m in Sources */ = {isa = PBXBuildFile; fileRef = C7CB25711D001406004FECA8 /* ApplePaiTests.m */; };
		C7CB257D1D001406004FECA8 /* ApplePaiUITests.m in Sources */ = {isa = PBXBuildFile; fileRef = C7CB257C1D001406004FECA8 /* ApplePaiUITests.m */; };
		C7EABDEF1D06DD400049FBD7 /* LHeaderCollectionViewCell.m in Sources */ = {isa = PBXBuildFile; fileRef = C7EABDED1D06DD400049FBD7 /* LHeaderCollectionViewCell.m */; settings = {ASSET_TAGS = (); }; };
		C7EABDF01D06DD400049FBD7 /* LHeaderCollectionViewCell.xib in Resources */ = {isa = PBXBuildFile; fileRef = C7EABDEE1D06DD400049FBD7 /* LHeaderCollectionViewCell.xib */; settings = {ASSET_TAGS = (); }; };
		C7EABDF31D07AE690049FBD7 /* LSecond2ViewController.m in Sources */ = {isa = PBXBuildFile; fileRef = C7EABDF21D07AE690049FBD7 /* LSecond2ViewController.m */; settings = {ASSET_TAGS = (); }; };
		C7EABDF91D07B01F0049FBD7 /* LSecond2FoodModel.m in Sources */ = {isa = PBXBuildFile; fileRef = C7EABDF81D07B01F0049FBD7 /* LSecond2FoodModel.m */; settings = {ASSET_TAGS = (); }; };
		C7EABDFE1D07C7C00049FBD7 /* ico_make.png in Resources */ = {isa = PBXBuildFile; fileRef = C7EABDFB1D07C7C00049FBD7 /* ico_make.png */; settings = {ASSET_TAGS = (); }; };
		C7EABDFF1D07C7C00049FBD7 /* JSDropDownMenu.m in Sources */ = {isa = PBXBuildFile; fileRef = C7EABDFD1D07C7C00049FBD7 /* JSDropDownMenu.m */; settings = {ASSET_TAGS = (); }; };
		C7EABE021D07FF500049FBD7 /* LFoodTypeModel.m in Sources */ = {isa = PBXBuildFile; fileRef = C7EABE011D07FF500049FBD7 /* LFoodTypeModel.m */; settings = {ASSET_TAGS = (); }; };
/* End PBXBuildFile section */

/* Begin PBXContainerItemProxy section */
		C7CB256E1D001406004FECA8 /* PBXContainerItemProxy */ = {
			isa = PBXContainerItemProxy;
			containerPortal = C7CB254C1D001405004FECA8 /* Project object */;
			proxyType = 1;
			remoteGlobalIDString = C7CB25531D001405004FECA8;
			remoteInfo = ApplePai;
		};
		C7CB25791D001406004FECA8 /* PBXContainerItemProxy */ = {
			isa = PBXContainerItemProxy;
			containerPortal = C7CB254C1D001405004FECA8 /* Project object */;
			proxyType = 1;
			remoteGlobalIDString = C7CB25531D001405004FECA8;
			remoteInfo = ApplePai;
		};
/* End PBXContainerItemProxy section */

/* Begin PBXFileReference section */
		261B2794081E899B0CBF16A6 /* Pods-ApplePai.debug.xcconfig */ = {isa = PBXFileReference; includeInIndex = 1; lastKnownFileType = text.xcconfig; name = "Pods-ApplePai.debug.xcconfig"; path = "Pods/Target Support Files/Pods-ApplePai/Pods-ApplePai.debug.xcconfig"; sourceTree = "<group>"; };
		8707E695785D9D9366E208E8 /* libPods-ApplePai.a */ = {isa = PBXFileReference; explicitFileType = archive.ar; includeInIndex = 0; path = "libPods-ApplePai.a"; sourceTree = BUILT_PRODUCTS_DIR; };
		8FAC3813AB6A27987A4479BE /* Pods-ApplePai.release.xcconfig */ = {isa = PBXFileReference; includeInIndex = 1; lastKnownFileType = text.xcconfig; name = "Pods-ApplePai.release.xcconfig"; path = "Pods/Target Support Files/Pods-ApplePai/Pods-ApplePai.release.xcconfig"; sourceTree = "<group>"; };
		C7395A001D06B0E3008C00CC /* LSecondGroupMOdel.h */ = {isa = PBXFileReference; fileEncoding = 4; lastKnownFileType = sourcecode.c.h; path = LSecondGroupMOdel.h; sourceTree = "<group>"; };
		C7395A011D06B0E3008C00CC /* LSecondGroupMOdel.m */ = {isa = PBXFileReference; fileEncoding = 4; lastKnownFileType = sourcecode.c.objc; path = LSecondGroupMOdel.m; sourceTree = "<group>"; };
		C7395A0A1D06B4D4008C00CC /* LSecondCollectionViewCell.h */ = {isa = PBXFileReference; fileEncoding = 4; lastKnownFileType = sourcecode.c.h; path = LSecondCollectionViewCell.h; sourceTree = "<group>"; };
		C7395A0B1D06B4D4008C00CC /* LSecondCollectionViewCell.m */ = {isa = PBXFileReference; fileEncoding = 4; lastKnownFileType = sourcecode.c.objc; path = LSecondCollectionViewCell.m; sourceTree = "<group>"; };
		C7395A0C1D06B4D4008C00CC /* LSecondCollectionViewCell.xib */ = {isa = PBXFileReference; fileEncoding = 4; lastKnownFileType = file.xib; path = LSecondCollectionViewCell.xib; sourceTree = "<group>"; };
		C75C258A1D01833B00EE422E /* LTabBarViewController.h */ = {isa = PBXFileReference; fileEncoding = 4; lastKnownFileType = sourcecode.c.h; path = LTabBarViewController.h; sourceTree = "<group>"; };
		C75C258B1D01833B00EE422E /* LTabBarViewController.m */ = {isa = PBXFileReference; fileEncoding = 4; lastKnownFileType = sourcecode.c.objc; path = LTabBarViewController.m; sourceTree = "<group>"; };
		C75C258D1D0198F500EE422E /* LFirstTableViewCell.h */ = {isa = PBXFileReference; fileEncoding = 4; lastKnownFileType = sourcecode.c.h; path = LFirstTableViewCell.h; sourceTree = "<group>"; };
		C75C258E1D0198F500EE422E /* LFirstTableViewCell.m */ = {isa = PBXFileReference; fileEncoding = 4; lastKnownFileType = sourcecode.c.objc; path = LFirstTableViewCell.m; sourceTree = "<group>"; };
		C75C25961D04180600EE422E /* DEFINE.h */ = {isa = PBXFileReference; lastKnownFileType = sourcecode.c.h; path = DEFINE.h; sourceTree = "<group>"; };
		C75C25971D043DB000EE422E /* Foundation+Log 2.m */ = {isa = PBXFileReference; fileEncoding = 4; lastKnownFileType = sourcecode.c.objc; path = "Foundation+Log 2.m"; sourceTree = "<group>"; };
		C75C25991D044DF500EE422E /* LFirst2ViewController.h */ = {isa = PBXFileReference; fileEncoding = 4; lastKnownFileType = sourcecode.c.h; path = LFirst2ViewController.h; sourceTree = "<group>"; };
		C75C259A1D044DF500EE422E /* LFirst2ViewController.m */ = {isa = PBXFileReference; fileEncoding = 4; lastKnownFileType = sourcecode.c.objc; path = LFirst2ViewController.m; sourceTree = "<group>"; };
		C7B8AA7B1D002E94003B3EAF /* CCXMethods.h */ = {isa = PBXFileReference; fileEncoding = 4; lastKnownFileType = sourcecode.c.h; path = CCXMethods.h; sourceTree = "<group>"; };
		C7B8AA7C1D002E94003B3EAF /* CCXMethods.m */ = {isa = PBXFileReference; fileEncoding = 4; lastKnownFileType = sourcecode.c.objc; path = CCXMethods.m; sourceTree = "<group>"; };
		C7B8AA7D1D002E94003B3EAF /* LRootViewController.h */ = {isa = PBXFileReference; fileEncoding = 4; lastKnownFileType = sourcecode.c.h; path = LRootViewController.h; sourceTree = "<group>"; };
		C7B8AA7E1D002E94003B3EAF /* LRootViewController.m */ = {isa = PBXFileReference; fileEncoding = 4; lastKnownFileType = sourcecode.c.objc; path = LRootViewController.m; sourceTree = "<group>"; };
		C7B8AA7F1D002E94003B3EAF /* LSuperViewController.h */ = {isa = PBXFileReference; fileEncoding = 4; lastKnownFileType = sourcecode.c.h; path = LSuperViewController.h; sourceTree = "<group>"; };
		C7B8AA801D002E94003B3EAF /* LSuperViewController.m */ = {isa = PBXFileReference; fileEncoding = 4; lastKnownFileType = sourcecode.c.objc; path = LSuperViewController.m; sourceTree = "<group>"; };
		C7B8AA871D004A6A003B3EAF /* LFirstViewController.h */ = {isa = PBXFileReference; fileEncoding = 4; lastKnownFileType = sourcecode.c.h; path = LFirstViewController.h; sourceTree = "<group>"; };
		C7B8AA881D004A6A003B3EAF /* LFirstViewController.m */ = {isa = PBXFileReference; fileEncoding = 4; lastKnownFileType = sourcecode.c.objc; path = LFirstViewController.m; sourceTree = "<group>"; };
		C7B8AA8A1D004A7B003B3EAF /* LSecondViewController.h */ = {isa = PBXFileReference; fileEncoding = 4; lastKnownFileType = sourcecode.c.h; path = LSecondViewController.h; sourceTree = "<group>"; };
		C7B8AA8B1D004A7B003B3EAF /* LSecondViewController.m */ = {isa = PBXFileReference; fileEncoding = 4; lastKnownFileType = sourcecode.c.objc; path = LSecondViewController.m; sourceTree = "<group>"; };
		C7B8AA8D1D005273003B3EAF /* LThirdViewController.h */ = {isa = PBXFileReference; fileEncoding = 4; lastKnownFileType = sourcecode.c.h; path = LThirdViewController.h; sourceTree = "<group>"; };
		C7B8AA8E1D005273003B3EAF /* LThirdViewController.m */ = {isa = PBXFileReference; fileEncoding = 4; lastKnownFileType = sourcecode.c.objc; path = LThirdViewController.m; sourceTree = "<group>"; };
		C7C5919A1D01716D001EEF31 /* FeedModel.h */ = {isa = PBXFileReference; fileEncoding = 4; lastKnownFileType = sourcecode.c.h; path = FeedModel.h; sourceTree = "<group>"; };
		C7C5919B1D01716D001EEF31 /* FeedModel.m */ = {isa = PBXFileReference; fileEncoding = 4; lastKnownFileType = sourcecode.c.objc; path = FeedModel.m; sourceTree = "<group>"; };
		C7CB25541D001405004FECA8 /* ApplePai.app */ = {isa = PBXFileReference; explicitFileType = wrapper.application; includeInIndex = 0; path = ApplePai.app; sourceTree = BUILT_PRODUCTS_DIR; };
		C7CB25581D001405004FECA8 /* main.m */ = {isa = PBXFileReference; lastKnownFileType = sourcecode.c.objc; path = main.m; sourceTree = "<group>"; };
		C7CB255A1D001405004FECA8 /* AppDelegate.h */ = {isa = PBXFileReference; lastKnownFileType = sourcecode.c.h; path = AppDelegate.h; sourceTree = "<group>"; };
		C7CB255B1D001405004FECA8 /* AppDelegate.m */ = {isa = PBXFileReference; lastKnownFileType = sourcecode.c.objc; path = AppDelegate.m; sourceTree = "<group>"; };
		C7CB255D1D001405004FECA8 /* ViewController.h */ = {isa = PBXFileReference; lastKnownFileType = sourcecode.c.h; path = ViewController.h; sourceTree = "<group>"; };
		C7CB255E1D001405004FECA8 /* ViewController.m */ = {isa = PBXFileReference; lastKnownFileType = sourcecode.c.objc; path = ViewController.m; sourceTree = "<group>"; };
		C7CB25611D001405004FECA8 /* Base */ = {isa = PBXFileReference; lastKnownFileType = file.storyboard; name = Base; path = Base.lproj/Main.storyboard; sourceTree = "<group>"; };
		C7CB25631D001405004FECA8 /* Assets.xcassets */ = {isa = PBXFileReference; lastKnownFileType = folder.assetcatalog; path = Assets.xcassets; sourceTree = "<group>"; };
		C7CB25661D001405004FECA8 /* Base */ = {isa = PBXFileReference; lastKnownFileType = file.storyboard; name = Base; path = Base.lproj/LaunchScreen.storyboard; sourceTree = "<group>"; };
		C7CB25681D001405004FECA8 /* Info.plist */ = {isa = PBXFileReference; lastKnownFileType = text.plist.xml; path = Info.plist; sourceTree = "<group>"; };
		C7CB256D1D001406004FECA8 /* ApplePaiTests.xctest */ = {isa = PBXFileReference; explicitFileType = wrapper.cfbundle; includeInIndex = 0; path = ApplePaiTests.xctest; sourceTree = BUILT_PRODUCTS_DIR; };
		C7CB25711D001406004FECA8 /* ApplePaiTests.m */ = {isa = PBXFileReference; lastKnownFileType = sourcecode.c.objc; path = ApplePaiTests.m; sourceTree = "<group>"; };
		C7CB25731D001406004FECA8 /* Info.plist */ = {isa = PBXFileReference; lastKnownFileType = text.plist.xml; path = Info.plist; sourceTree = "<group>"; };
		C7CB25781D001406004FECA8 /* ApplePaiUITests.xctest */ = {isa = PBXFileReference; explicitFileType = wrapper.cfbundle; includeInIndex = 0; path = ApplePaiUITests.xctest; sourceTree = BUILT_PRODUCTS_DIR; };
		C7CB257C1D001406004FECA8 /* ApplePaiUITests.m */ = {isa = PBXFileReference; lastKnownFileType = sourcecode.c.objc; path = ApplePaiUITests.m; sourceTree = "<group>"; };
		C7CB257E1D001406004FECA8 /* Info.plist */ = {isa = PBXFileReference; lastKnownFileType = text.plist.xml; path = Info.plist; sourceTree = "<group>"; };
		C7EABDEC1D06DD400049FBD7 /* LHeaderCollectionViewCell.h */ = {isa = PBXFileReference; fileEncoding = 4; lastKnownFileType = sourcecode.c.h; path = LHeaderCollectionViewCell.h; sourceTree = "<group>"; };
		C7EABDED1D06DD400049FBD7 /* LHeaderCollectionViewCell.m */ = {isa = PBXFileReference; fileEncoding = 4; lastKnownFileType = sourcecode.c.objc; path = LHeaderCollectionViewCell.m; sourceTree = "<group>"; };
		C7EABDEE1D06DD400049FBD7 /* LHeaderCollectionViewCell.xib */ = {isa = PBXFileReference; fileEncoding = 4; lastKnownFileType = file.xib; path = LHeaderCollectionViewCell.xib; sourceTree = "<group>"; };
		C7EABDF11D07AE690049FBD7 /* LSecond2ViewController.h */ = {isa = PBXFileReference; fileEncoding = 4; lastKnownFileType = sourcecode.c.h; path = LSecond2ViewController.h; sourceTree = "<group>"; };
		C7EABDF21D07AE690049FBD7 /* LSecond2ViewController.m */ = {isa = PBXFileReference; fileEncoding = 4; lastKnownFileType = sourcecode.c.objc; path = LSecond2ViewController.m; sourceTree = "<group>"; };
		C7EABDF71D07B01F0049FBD7 /* LSecond2FoodModel.h */ = {isa = PBXFileReference; fileEncoding = 4; lastKnownFileType = sourcecode.c.h; path = LSecond2FoodModel.h; sourceTree = "<group>"; };
		C7EABDF81D07B01F0049FBD7 /* LSecond2FoodModel.m */ = {isa = PBXFileReference; fileEncoding = 4; lastKnownFileType = sourcecode.c.objc; path = LSecond2FoodModel.m; sourceTree = "<group>"; };
		C7EABDFB1D07C7C00049FBD7 /* ico_make.png */ = {isa = PBXFileReference; lastKnownFileType = image.png; path = ico_make.png; sourceTree = "<group>"; };
		C7EABDFC1D07C7C00049FBD7 /* JSDropDownMenu.h */ = {isa = PBXFileReference; fileEncoding = 4; lastKnownFileType = sourcecode.c.h; path = JSDropDownMenu.h; sourceTree = "<group>"; };
		C7EABDFD1D07C7C00049FBD7 /* JSDropDownMenu.m */ = {isa = PBXFileReference; fileEncoding = 4; lastKnownFileType = sourcecode.c.objc; path = JSDropDownMenu.m; sourceTree = "<group>"; };
		C7EABE001D07FF500049FBD7 /* LFoodTypeModel.h */ = {isa = PBXFileReference; fileEncoding = 4; lastKnownFileType = sourcecode.c.h; path = LFoodTypeModel.h; sourceTree = "<group>"; };
		C7EABE011D07FF500049FBD7 /* LFoodTypeModel.m */ = {isa = PBXFileReference; fileEncoding = 4; lastKnownFileType = sourcecode.c.objc; path = LFoodTypeModel.m; sourceTree = "<group>"; };
/* End PBXFileReference section */

/* Begin PBXFrameworksBuildPhase section */
		C7CB25511D001405004FECA8 /* Frameworks */ = {
			isa = PBXFrameworksBuildPhase;
			buildActionMask = 2147483647;
			files = (
				253A3DD16E453A8B092D49E5 /* libPods-ApplePai.a in Frameworks */,
			);
			runOnlyForDeploymentPostprocessing = 0;
		};
		C7CB256A1D001406004FECA8 /* Frameworks */ = {
			isa = PBXFrameworksBuildPhase;
			buildActionMask = 2147483647;
			files = (
			);
			runOnlyForDeploymentPostprocessing = 0;
		};
		C7CB25751D001406004FECA8 /* Frameworks */ = {
			isa = PBXFrameworksBuildPhase;
			buildActionMask = 2147483647;
			files = (
			);
			runOnlyForDeploymentPostprocessing = 0;
		};
/* End PBXFrameworksBuildPhase section */

/* Begin PBXGroup section */
		C7B8AA7A1D002E94003B3EAF /* Myself */ = {
			isa = PBXGroup;
			children = (
				C7B8AA7B1D002E94003B3EAF /* CCXMethods.h */,
				C7B8AA7C1D002E94003B3EAF /* CCXMethods.m */,
				C7B8AA7D1D002E94003B3EAF /* LRootViewController.h */,
				C7B8AA7E1D002E94003B3EAF /* LRootViewController.m */,
				C7B8AA7F1D002E94003B3EAF /* LSuperViewController.h */,
				C7B8AA801D002E94003B3EAF /* LSuperViewController.m */,
			);
			path = Myself;
			sourceTree = "<group>";
		};
		C7B8AA841D002FB3003B3EAF /* Models */ = {
			isa = PBXGroup;
			children = (
				C7C5919A1D01716D001EEF31 /* FeedModel.h */,
				C7C5919B1D01716D001EEF31 /* FeedModel.m */,
				C7395A001D06B0E3008C00CC /* LSecondGroupMOdel.h */,
				C7395A011D06B0E3008C00CC /* LSecondGroupMOdel.m */,
				C7EABDF71D07B01F0049FBD7 /* LSecond2FoodModel.h */,
				C7EABDF81D07B01F0049FBD7 /* LSecond2FoodModel.m */,
				C7EABE001D07FF500049FBD7 /* LFoodTypeModel.h */,
				C7EABE011D07FF500049FBD7 /* LFoodTypeModel.m */,
			);
			path = Models;
			sourceTree = "<group>";
		};
		C7B8AA851D002FBF003B3EAF /* Views */ = {
			isa = PBXGroup;
			children = (
				C75C258D1D0198F500EE422E /* LFirstTableViewCell.h */,
				C75C258E1D0198F500EE422E /* LFirstTableViewCell.m */,
				C7395A0A1D06B4D4008C00CC /* LSecondCollectionViewCell.h */,
				C7395A0B1D06B4D4008C00CC /* LSecondCollectionViewCell.m */,
				C7395A0C1D06B4D4008C00CC /* LSecondCollectionViewCell.xib */,
				C7EABDEC1D06DD400049FBD7 /* LHeaderCollectionViewCell.h */,
				C7EABDED1D06DD400049FBD7 /* LHeaderCollectionViewCell.m */,
				C7EABDEE1D06DD400049FBD7 /* LHeaderCollectionViewCell.xib */,
			);
			name = Views;
			path = Models/Views;
			sourceTree = "<group>";
		};
		C7B8AA861D002FE1003B3EAF /* Controllers */ = {
			isa = PBXGroup;
			children = (
				C7B8AA871D004A6A003B3EAF /* LFirstViewController.h */,
				C7B8AA881D004A6A003B3EAF /* LFirstViewController.m */,
				C7B8AA8A1D004A7B003B3EAF /* LSecondViewController.h */,
				C7B8AA8B1D004A7B003B3EAF /* LSecondViewController.m */,
				C7B8AA8D1D005273003B3EAF /* LThirdViewController.h */,
				C7B8AA8E1D005273003B3EAF /* LThirdViewController.m */,
				C75C258A1D01833B00EE422E /* LTabBarViewController.h */,
				C75C258B1D01833B00EE422E /* LTabBarViewController.m */,
				C75C25991D044DF500EE422E /* LFirst2ViewController.h */,
				C75C259A1D044DF500EE422E /* LFirst2ViewController.m */,
				C7EABDF11D07AE690049FBD7 /* LSecond2ViewController.h */,
				C7EABDF21D07AE690049FBD7 /* LSecond2ViewController.m */,
			);
			name = Controllers;
			path = Models/Views/Controllers;
			sourceTree = "<group>";
		};
		C7CB254B1D001405004FECA8 = {
			isa = PBXGroup;
			children = (
				C7EABDFA1D07C7C00049FBD7 /* JSDropDownMenu */,
				C7B8AA841D002FB3003B3EAF /* Models */,
				C7B8AA851D002FBF003B3EAF /* Views */,
				C7B8AA861D002FE1003B3EAF /* Controllers */,
				C7B8AA7A1D002E94003B3EAF /* Myself */,
				C7CB25561D001405004FECA8 /* ApplePai */,
				C7CB25701D001406004FECA8 /* ApplePaiTests */,
				C7CB257B1D001406004FECA8 /* ApplePaiUITests */,
				C7CB25551D001405004FECA8 /* Products */,
				DFFF482F14254EFE62B0C428 /* Pods */,
				FEC45DFA36DE9BAF0682007A /* Frameworks */,
			);
			sourceTree = "<group>";
		};
		C7CB25551D001405004FECA8 /* Products */ = {
			isa = PBXGroup;
			children = (
				C7CB25541D001405004FECA8 /* ApplePai.app */,
				C7CB256D1D001406004FECA8 /* ApplePaiTests.xctest */,
				C7CB25781D001406004FECA8 /* ApplePaiUITests.xctest */,
			);
			name = Products;
			sourceTree = "<group>";
		};
		C7CB25561D001405004FECA8 /* ApplePai */ = {
			isa = PBXGroup;
			children = (
				C75C25971D043DB000EE422E /* Foundation+Log 2.m */,
				C7CB255A1D001405004FECA8 /* AppDelegate.h */,
				C7CB255B1D001405004FECA8 /* AppDelegate.m */,
				C7CB255D1D001405004FECA8 /* ViewController.h */,
				C7CB255E1D001405004FECA8 /* ViewController.m */,
				C7CB25601D001405004FECA8 /* Main.storyboard */,
				C7CB25631D001405004FECA8 /* Assets.xcassets */,
				C7CB25651D001405004FECA8 /* LaunchScreen.storyboard */,
				C7CB25681D001405004FECA8 /* Info.plist */,
				C7CB25571D001405004FECA8 /* Supporting Files */,
				C75C25961D04180600EE422E /* DEFINE.h */,
			);
			path = ApplePai;
			sourceTree = "<group>";
		};
		C7CB25571D001405004FECA8 /* Supporting Files */ = {
			isa = PBXGroup;
			children = (
				C7CB25581D001405004FECA8 /* main.m */,
			);
			name = "Supporting Files";
			sourceTree = "<group>";
		};
		C7CB25701D001406004FECA8 /* ApplePaiTests */ = {
			isa = PBXGroup;
			children = (
				C7CB25711D001406004FECA8 /* ApplePaiTests.m */,
				C7CB25731D001406004FECA8 /* Info.plist */,
			);
			path = ApplePaiTests;
			sourceTree = "<group>";
		};
		C7CB257B1D001406004FECA8 /* ApplePaiUITests */ = {
			isa = PBXGroup;
			children = (
				C7CB257C1D001406004FECA8 /* ApplePaiUITests.m */,
				C7CB257E1D001406004FECA8 /* Info.plist */,
			);
			path = ApplePaiUITests;
			sourceTree = "<group>";
		};
		C7EABDFA1D07C7C00049FBD7 /* JSDropDownMenu */ = {
			isa = PBXGroup;
			children = (
				C7EABDFB1D07C7C00049FBD7 /* ico_make.png */,
				C7EABDFC1D07C7C00049FBD7 /* JSDropDownMenu.h */,
				C7EABDFD1D07C7C00049FBD7 /* JSDropDownMenu.m */,
			);
			path = JSDropDownMenu;
			sourceTree = "<group>";
		};
		DFFF482F14254EFE62B0C428 /* Pods */ = {
			isa = PBXGroup;
			children = (
				261B2794081E899B0CBF16A6 /* Pods-ApplePai.debug.xcconfig */,
				8FAC3813AB6A27987A4479BE /* Pods-ApplePai.release.xcconfig */,
			);
			name = Pods;
			sourceTree = "<group>";
		};
		FEC45DFA36DE9BAF0682007A /* Frameworks */ = {
			isa = PBXGroup;
			children = (
				8707E695785D9D9366E208E8 /* libPods-ApplePai.a */,
			);
			name = Frameworks;
			sourceTree = "<group>";
		};
/* End PBXGroup section */

/* Begin PBXNativeTarget section */
		C7CB25531D001405004FECA8 /* ApplePai */ = {
			isa = PBXNativeTarget;
			buildConfigurationList = C7CB25811D001406004FECA8 /* Build configuration list for PBXNativeTarget "ApplePai" */;
			buildPhases = (
				07900C1AA5EA0D15AB6596A0 /* 📦 Check Pods Manifest.lock */,
				C7CB25501D001405004FECA8 /* Sources */,
				C7CB25511D001405004FECA8 /* Frameworks */,
				C7CB25521D001405004FECA8 /* Resources */,
				74FDBA14555337DC27C06212 /* 📦 Embed Pods Frameworks */,
				8395BE3A8111CBC6C7DFACC2 /* 📦 Copy Pods Resources */,
			);
			buildRules = (
			);
			dependencies = (
			);
			name = ApplePai;
			productName = ApplePai;
			productReference = C7CB25541D001405004FECA8 /* ApplePai.app */;
			productType = "com.apple.product-type.application";
		};
		C7CB256C1D001406004FECA8 /* ApplePaiTests */ = {
			isa = PBXNativeTarget;
			buildConfigurationList = C7CB25841D001406004FECA8 /* Build configuration list for PBXNativeTarget "ApplePaiTests" */;
			buildPhases = (
				C7CB25691D001406004FECA8 /* Sources */,
				C7CB256A1D001406004FECA8 /* Frameworks */,
				C7CB256B1D001406004FECA8 /* Resources */,
			);
			buildRules = (
			);
			dependencies = (
				C7CB256F1D001406004FECA8 /* PBXTargetDependency */,
			);
			name = ApplePaiTests;
			productName = ApplePaiTests;
			productReference = C7CB256D1D001406004FECA8 /* ApplePaiTests.xctest */;
			productType = "com.apple.product-type.bundle.unit-test";
		};
		C7CB25771D001406004FECA8 /* ApplePaiUITests */ = {
			isa = PBXNativeTarget;
			buildConfigurationList = C7CB25871D001406004FECA8 /* Build configuration list for PBXNativeTarget "ApplePaiUITests" */;
			buildPhases = (
				C7CB25741D001406004FECA8 /* Sources */,
				C7CB25751D001406004FECA8 /* Frameworks */,
				C7CB25761D001406004FECA8 /* Resources */,
			);
			buildRules = (
			);
			dependencies = (
				C7CB257A1D001406004FECA8 /* PBXTargetDependency */,
			);
			name = ApplePaiUITests;
			productName = ApplePaiUITests;
			productReference = C7CB25781D001406004FECA8 /* ApplePaiUITests.xctest */;
			productType = "com.apple.product-type.bundle.ui-testing";
		};
/* End PBXNativeTarget section */

/* Begin PBXProject section */
		C7CB254C1D001405004FECA8 /* Project object */ = {
			isa = PBXProject;
			attributes = {
				LastUpgradeCheck = 0700;
				ORGANIZATIONNAME = Lee;
				TargetAttributes = {
					C7CB25531D001405004FECA8 = {
						CreatedOnToolsVersion = 7.0.1;
					};
					C7CB256C1D001406004FECA8 = {
						CreatedOnToolsVersion = 7.0.1;
						TestTargetID = C7CB25531D001405004FECA8;
					};
					C7CB25771D001406004FECA8 = {
						CreatedOnToolsVersion = 7.0.1;
						TestTargetID = C7CB25531D001405004FECA8;
					};
				};
			};
			buildConfigurationList = C7CB254F1D001405004FECA8 /* Build configuration list for PBXProject "ApplePai" */;
			compatibilityVersion = "Xcode 3.2";
			developmentRegion = English;
			hasScannedForEncodings = 0;
			knownRegions = (
				en,
				Base,
			);
			mainGroup = C7CB254B1D001405004FECA8;
			productRefGroup = C7CB25551D001405004FECA8 /* Products */;
			projectDirPath = "";
			projectRoot = "";
			targets = (
				C7CB25531D001405004FECA8 /* ApplePai */,
				C7CB256C1D001406004FECA8 /* ApplePaiTests */,
				C7CB25771D001406004FECA8 /* ApplePaiUITests */,
			);
		};
/* End PBXProject section */

/* Begin PBXResourcesBuildPhase section */
		C7CB25521D001405004FECA8 /* Resources */ = {
			isa = PBXResourcesBuildPhase;
			buildActionMask = 2147483647;
			files = (
				C7CB25671D001405004FECA8 /* LaunchScreen.storyboard in Resources */,
				C7EABDFE1D07C7C00049FBD7 /* ico_make.png in Resources */,
				C7395A0E1D06B4D4008C00CC /* LSecondCollectionViewCell.xib in Resources */,
				C7CB25641D001405004FECA8 /* Assets.xcassets in Resources */,
				C7CB25621D001405004FECA8 /* Main.storyboard in Resources */,
				C7EABDF01D06DD400049FBD7 /* LHeaderCollectionViewCell.xib in Resources */,
			);
			runOnlyForDeploymentPostprocessing = 0;
		};
		C7CB256B1D001406004FECA8 /* Resources */ = {
			isa = PBXResourcesBuildPhase;
			buildActionMask = 2147483647;
			files = (
			);
			runOnlyForDeploymentPostprocessing = 0;
		};
		C7CB25761D001406004FECA8 /* Resources */ = {
			isa = PBXResourcesBuildPhase;
			buildActionMask = 2147483647;
			files = (
			);
			runOnlyForDeploymentPostprocessing = 0;
		};
/* End PBXResourcesBuildPhase section */

/* Begin PBXShellScriptBuildPhase section */
		07900C1AA5EA0D15AB6596A0 /* 📦 Check Pods Manifest.lock */ = {
			isa = PBXShellScriptBuildPhase;
			buildActionMask = 2147483647;
			files = (
			);
			inputPaths = (
			);
			name = "📦 Check Pods Manifest.lock";
			outputPaths = (
			);
			runOnlyForDeploymentPostprocessing = 0;
			shellPath = /bin/sh;
			shellScript = "diff \"${PODS_ROOT}/../Podfile.lock\" \"${PODS_ROOT}/Manifest.lock\" > /dev/null\nif [[ $? != 0 ]] ; then\n    cat << EOM\nerror: The sandbox is not in sync with the Podfile.lock. Run 'pod install' or update your CocoaPods installation.\nEOM\n    exit 1\nfi\n";
			showEnvVarsInLog = 0;
		};
		74FDBA14555337DC27C06212 /* 📦 Embed Pods Frameworks */ = {
			isa = PBXShellScriptBuildPhase;
			buildActionMask = 2147483647;
			files = (
			);
			inputPaths = (
			);
			name = "📦 Embed Pods Frameworks";
			outputPaths = (
			);
			runOnlyForDeploymentPostprocessing = 0;
			shellPath = /bin/sh;
			shellScript = "\"${SRCROOT}/Pods/Target Support Files/Pods-ApplePai/Pods-ApplePai-frameworks.sh\"\n";
			showEnvVarsInLog = 0;
		};
		8395BE3A8111CBC6C7DFACC2 /* 📦 Copy Pods Resources */ = {
			isa = PBXShellScriptBuildPhase;
			buildActionMask = 2147483647;
			files = (
			);
			inputPaths = (
			);
			name = "📦 Copy Pods Resources";
			outputPaths = (
			);
			runOnlyForDeploymentPostprocessing = 0;
			shellPath = /bin/sh;
			shellScript = "\"${SRCROOT}/Pods/Target Support Files/Pods-ApplePai/Pods-ApplePai-resources.sh\"\n";
			showEnvVarsInLog = 0;
		};
/* End PBXShellScriptBuildPhase section */

/* Begin PBXSourcesBuildPhase section */
		C7CB25501D001405004FECA8 /* Sources */ = {
			isa = PBXSourcesBuildPhase;
			buildActionMask = 2147483647;
			files = (
				C7B8AA8F1D005273003B3EAF /* LThirdViewController.m in Sources */,
				C7C5919C1D01716D001EEF31 /* FeedModel.m in Sources */,
				C75C25981D043DB000EE422E /* Foundation+Log 2.m in Sources */,
				C7CB255F1D001405004FECA8 /* ViewController.m in Sources */,
				C7EABDEF1D06DD400049FBD7 /* LHeaderCollectionViewCell.m in Sources */,
				C7B8AA8C1D004A7B003B3EAF /* LSecondViewController.m in Sources */,
				C7395A0D1D06B4D4008C00CC /* LSecondCollectionViewCell.m in Sources */,
				C7395A021D06B0E3008C00CC /* LSecondGroupMOdel.m in Sources */,
				C7B8AA821D002E94003B3EAF /* LRootViewController.m in Sources */,
				C7B8AA811D002E94003B3EAF /* CCXMethods.m in Sources */,
				C7EABDF31D07AE690049FBD7 /* LSecond2ViewController.m in Sources */,
				C75C259B1D044DF500EE422E /* LFirst2ViewController.m in Sources */,
				C7B8AA831D002E94003B3EAF /* LSuperViewController.m in Sources */,
				C7CB255C1D001405004FECA8 /* AppDelegate.m in Sources */,
				C7EABE021D07FF500049FBD7 /* LFoodTypeModel.m in Sources */,
				C7CB25591D001405004FECA8 /* main.m in Sources */,
				C75C258C1D01833B00EE422E /* LTabBarViewController.m in Sources */,
				C7B8AA891D004A6A003B3EAF /* LFirstViewController.m in Sources */,
				C75C258F1D0198F500EE422E /* LFirstTableViewCell.m in Sources */,
				C7EABDFF1D07C7C00049FBD7 /* JSDropDownMenu.m in Sources */,
				C7EABDF91D07B01F0049FBD7 /* LSecond2FoodModel.m in Sources */,
			);
			runOnlyForDeploymentPostprocessing = 0;
		};
		C7CB25691D001406004FECA8 /* Sources */ = {
			isa = PBXSourcesBuildPhase;
			buildActionMask = 2147483647;
			files = (
				C7CB25721D001406004FECA8 /* ApplePaiTests.m in Sources */,
			);
			runOnlyForDeploymentPostprocessing = 0;
		};
		C7CB25741D001406004FECA8 /* Sources */ = {
			isa = PBXSourcesBuildPhase;
			buildActionMask = 2147483647;
			files = (
				C7CB257D1D001406004FECA8 /* ApplePaiUITests.m in Sources */,
			);
			runOnlyForDeploymentPostprocessing = 0;
		};
/* End PBXSourcesBuildPhase section */

/* Begin PBXTargetDependency section */
		C7CB256F1D001406004FECA8 /* PBXTargetDependency */ = {
			isa = PBXTargetDependency;
			target = C7CB25531D001405004FECA8 /* ApplePai */;
			targetProxy = C7CB256E1D001406004FECA8 /* PBXContainerItemProxy */;
		};
		C7CB257A1D001406004FECA8 /* PBXTargetDependency */ = {
			isa = PBXTargetDependency;
			target = C7CB25531D001405004FECA8 /* ApplePai */;
			targetProxy = C7CB25791D001406004FECA8 /* PBXContainerItemProxy */;
		};
/* End PBXTargetDependency section */

/* Begin PBXVariantGroup section */
		C7CB25601D001405004FECA8 /* Main.storyboard */ = {
			isa = PBXVariantGroup;
			children = (
				C7CB25611D001405004FECA8 /* Base */,
			);
			name = Main.storyboard;
			sourceTree = "<group>";
		};
		C7CB25651D001405004FECA8 /* LaunchScreen.storyboard */ = {
			isa = PBXVariantGroup;
			children = (
				C7CB25661D001405004FECA8 /* Base */,
			);
			name = LaunchScreen.storyboard;
			sourceTree = "<group>";
		};
/* End PBXVariantGroup section */

/* Begin XCBuildConfiguration section */
		C7CB257F1D001406004FECA8 /* Debug */ = {
			isa = XCBuildConfiguration;
			buildSettings = {
				ALWAYS_SEARCH_USER_PATHS = NO;
				CLANG_CXX_LANGUAGE_STANDARD = "gnu++0x";
				CLANG_CXX_LIBRARY = "libc++";
				CLANG_ENABLE_MODULES = YES;
				CLANG_ENABLE_OBJC_ARC = YES;
				CLANG_WARN_BOOL_CONVERSION = YES;
				CLANG_WARN_CONSTANT_CONVERSION = YES;
				CLANG_WARN_DIRECT_OBJC_ISA_USAGE = YES_ERROR;
				CLANG_WARN_EMPTY_BODY = YES;
				CLANG_WARN_ENUM_CONVERSION = YES;
				CLANG_WARN_INT_CONVERSION = YES;
				CLANG_WARN_OBJC_ROOT_CLASS = YES_ERROR;
				CLANG_WARN_UNREACHABLE_CODE = YES;
				CLANG_WARN__DUPLICATE_METHOD_MATCH = YES;
				"CODE_SIGN_IDENTITY[sdk=iphoneos*]" = "iPhone Developer";
				COPY_PHASE_STRIP = NO;
				DEBUG_INFORMATION_FORMAT = dwarf;
				ENABLE_STRICT_OBJC_MSGSEND = YES;
				ENABLE_TESTABILITY = YES;
				GCC_C_LANGUAGE_STANDARD = gnu99;
				GCC_DYNAMIC_NO_PIC = NO;
				GCC_NO_COMMON_BLOCKS = YES;
				GCC_OPTIMIZATION_LEVEL = 0;
				GCC_PREPROCESSOR_DEFINITIONS = (
					"DEBUG=1",
					"$(inherited)",
				);
				GCC_WARN_64_TO_32_BIT_CONVERSION = YES;
				GCC_WARN_ABOUT_RETURN_TYPE = YES_ERROR;
				GCC_WARN_UNDECLARED_SELECTOR = YES;
				GCC_WARN_UNINITIALIZED_AUTOS = YES_AGGRESSIVE;
				GCC_WARN_UNUSED_FUNCTION = YES;
				GCC_WARN_UNUSED_VARIABLE = YES;
				IPHONEOS_DEPLOYMENT_TARGET = 9.0;
				MTL_ENABLE_DEBUG_INFO = YES;
				ONLY_ACTIVE_ARCH = YES;
				SDKROOT = iphoneos;
			};
			name = Debug;
		};
		C7CB25801D001406004FECA8 /* Release */ = {
			isa = XCBuildConfiguration;
			buildSettings = {
				ALWAYS_SEARCH_USER_PATHS = NO;
				CLANG_CXX_LANGUAGE_STANDARD = "gnu++0x";
				CLANG_CXX_LIBRARY = "libc++";
				CLANG_ENABLE_MODULES = YES;
				CLANG_ENABLE_OBJC_ARC = YES;
				CLANG_WARN_BOOL_CONVERSION = YES;
				CLANG_WARN_CONSTANT_CONVERSION = YES;
				CLANG_WARN_DIRECT_OBJC_ISA_USAGE = YES_ERROR;
				CLANG_WARN_EMPTY_BODY = YES;
				CLANG_WARN_ENUM_CONVERSION = YES;
				CLANG_WARN_INT_CONVERSION = YES;
				CLANG_WARN_OBJC_ROOT_CLASS = YES_ERROR;
				CLANG_WARN_UNREACHABLE_CODE = YES;
				CLANG_WARN__DUPLICATE_METHOD_MATCH = YES;
				"CODE_SIGN_IDENTITY[sdk=iphoneos*]" = "iPhone Developer";
				COPY_PHASE_STRIP = NO;
				DEBUG_INFORMATION_FORMAT = "dwarf-with-dsym";
				ENABLE_NS_ASSERTIONS = NO;
				ENABLE_STRICT_OBJC_MSGSEND = YES;
				GCC_C_LANGUAGE_STANDARD = gnu99;
				GCC_NO_COMMON_BLOCKS = YES;
				GCC_WARN_64_TO_32_BIT_CONVERSION = YES;
				GCC_WARN_ABOUT_RETURN_TYPE = YES_ERROR;
				GCC_WARN_UNDECLARED_SELECTOR = YES;
				GCC_WARN_UNINITIALIZED_AUTOS = YES_AGGRESSIVE;
				GCC_WARN_UNUSED_FUNCTION = YES;
				GCC_WARN_UNUSED_VARIABLE = YES;
				IPHONEOS_DEPLOYMENT_TARGET = 9.0;
				MTL_ENABLE_DEBUG_INFO = NO;
				SDKROOT = iphoneos;
				VALIDATE_PRODUCT = YES;
			};
			name = Release;
		};
		C7CB25821D001406004FECA8 /* Debug */ = {
			isa = XCBuildConfiguration;
			baseConfigurationReference = 261B2794081E899B0CBF16A6 /* Pods-ApplePai.debug.xcconfig */;
			buildSettings = {
				ASSETCATALOG_COMPILER_APPICON_NAME = AppIcon;
				INFOPLIST_FILE = ApplePai/Info.plist;
				LD_RUNPATH_SEARCH_PATHS = "$(inherited) @executable_path/Frameworks";
				PRODUCT_BUNDLE_IDENTIFIER = com.bwf.ApplePai;
				PRODUCT_NAME = "$(TARGET_NAME)";
				USER_HEADER_SEARCH_PATHS = "${SRCROOT}/**";
			};
			name = Debug;
		};
		C7CB25831D001406004FECA8 /* Release */ = {
			isa = XCBuildConfiguration;
			baseConfigurationReference = 8FAC3813AB6A27987A4479BE /* Pods-ApplePai.release.xcconfig */;
			buildSettings = {
				ASSETCATALOG_COMPILER_APPICON_NAME = AppIcon;
				INFOPLIST_FILE = ApplePai/Info.plist;
				LD_RUNPATH_SEARCH_PATHS = "$(inherited) @executable_path/Frameworks";
				PRODUCT_BUNDLE_IDENTIFIER = com.bwf.ApplePai;
				PRODUCT_NAME = "$(TARGET_NAME)";
				USER_HEADER_SEARCH_PATHS = "${SRCROOT}/**";
			};
			name = Release;
		};
		C7CB25851D001406004FECA8 /* Debug */ = {
			isa = XCBuildConfiguration;
			buildSettings = {
				BUNDLE_LOADER = "$(TEST_HOST)";
				INFOPLIST_FILE = ApplePaiTests/Info.plist;
				LD_RUNPATH_SEARCH_PATHS = "$(inherited) @executable_path/Frameworks @loader_path/Frameworks";
				PRODUCT_BUNDLE_IDENTIFIER = com.bwf.ApplePaiTests;
				PRODUCT_NAME = "$(TARGET_NAME)";
				TEST_HOST = "$(BUILT_PRODUCTS_DIR)/ApplePai.app/ApplePai";
			};
			name = Debug;
		};
		C7CB25861D001406004FECA8 /* Release */ = {
			isa = XCBuildConfiguration;
			buildSettings = {
				BUNDLE_LOADER = "$(TEST_HOST)";
				INFOPLIST_FILE = ApplePaiTests/Info.plist;
				LD_RUNPATH_SEARCH_PATHS = "$(inherited) @executable_path/Frameworks @loader_path/Frameworks";
				PRODUCT_BUNDLE_IDENTIFIER = com.bwf.ApplePaiTests;
				PRODUCT_NAME = "$(TARGET_NAME)";
				TEST_HOST = "$(BUILT_PRODUCTS_DIR)/ApplePai.app/ApplePai";
			};
			name = Release;
		};
		C7CB25881D001406004FECA8 /* Debug */ = {
			isa = XCBuildConfiguration;
			buildSettings = {
				INFOPLIST_FILE = ApplePaiUITests/Info.plist;
				LD_RUNPATH_SEARCH_PATHS = "$(inherited) @executable_path/Frameworks @loader_path/Frameworks";
				PRODUCT_BUNDLE_IDENTIFIER = com.bwf.ApplePaiUITests;
				PRODUCT_NAME = "$(TARGET_NAME)";
				TEST_TARGET_NAME = ApplePai;
				USES_XCTRUNNER = YES;
			};
			name = Debug;
		};
		C7CB25891D001406004FECA8 /* Release */ = {
			isa = XCBuildConfiguration;
			buildSettings = {
				INFOPLIST_FILE = ApplePaiUITests/Info.plist;
				LD_RUNPATH_SEARCH_PATHS = "$(inherited) @executable_path/Frameworks @loader_path/Frameworks";
				PRODUCT_BUNDLE_IDENTIFIER = com.bwf.ApplePaiUITests;
				PRODUCT_NAME = "$(TARGET_NAME)";
				TEST_TARGET_NAME = ApplePai;
				USES_XCTRUNNER = YES;
			};
			name = Release;
		};
/* End XCBuildConfiguration section */

/* Begin XCConfigurationList section */
		C7CB254F1D001405004FECA8 /* Build configuration list for PBXProject "ApplePai" */ = {
			isa = XCConfigurationList;
			buildConfigurations = (
				C7CB257F1D001406004FECA8 /* Debug */,
				C7CB25801D001406004FECA8 /* Release */,
			);
			defaultConfigurationIsVisible = 0;
			defaultConfigurationName = Release;
		};
		C7CB25811D001406004FECA8 /* Build configuration list for PBXNativeTarget "ApplePai" */ = {
			isa = XCConfigurationList;
			buildConfigurations = (
				C7CB25821D001406004FECA8 /* Debug */,
				C7CB25831D001406004FECA8 /* Release */,
			);
			defaultConfigurationIsVisible = 0;
			defaultConfigurationName = Release;
		};
		C7CB25841D001406004FECA8 /* Build configuration list for PBXNativeTarget "ApplePaiTests" */ = {
			isa = XCConfigurationList;
			buildConfigurations = (
				C7CB25851D001406004FECA8 /* Debug */,
				C7CB25861D001406004FECA8 /* Release */,
			);
			defaultConfigurationIsVisible = 0;
			defaultConfigurationName = Release;
		};
		C7CB25871D001406004FECA8 /* Build configuration list for PBXNativeTarget "ApplePaiUITests" */ = {
			isa = XCConfigurationList;
			buildConfigurations = (
				C7CB25881D001406004FECA8 /* Debug */,
				C7CB25891D001406004FECA8 /* Release */,
			);
			defaultConfigurationIsVisible = 0;
			defaultConfigurationName = Release;
		};
/* End XCConfigurationList section */
	};
	rootObject = C7CB254C1D001405004FECA8 /* Project object */;
}
